<?xml version="1.0" encoding="utf-8"?>
<Project ToolsVersion="4.0" xmlns="http://schemas.microsoft.com/developer/msbuild/2003">
  <ItemGroup>
    <FxCompile Include="BasicPixelShader.hlsl">
      <Filter>シェーダファイル</Filter>
    </FxCompile>
    <FxCompile Include="BasicVertexShader.hlsl">
      <Filter>シェーダファイル</Filter>
    </FxCompile>
    <FxCompile Include="FloorPixelShader.hlsl">
      <Filter>シェーダファイル</Filter>
    </FxCompile>
    <FxCompile Include="FloorVertexShader.hlsl">
      <Filter>シェーダファイル</Filter>
    </FxCompile>
    <FxCompile Include="ObjPixelShader.hlsl">
      <Filter>シェーダファイル</Filter>
    </FxCompile>
    <FxCompile Include="ObjVertexShader.hlsl">
      <Filter>シェーダファイル</Filter>
    </FxCompile>
    <FxCompile Include="PMDPixelShader.hlsl">
      <Filter>シェーダファイル</Filter>
    </FxCompile>
    <FxCompile Include="PMDVertexShader.hlsl">
      <Filter>シェーダファイル</Filter>
    </FxCompile>
    <FxCompile Include="TexPixelShader.hlsl">
      <Filter>シェーダファイル</Filter>
    </FxCompile>
    <FxCompile Include="TexVertexShader.hlsl">
      <Filter>シェーダファイル</Filter>
    </FxCompile>
    <FxCompile Include="ColliderPS.hlsl">
      <Filter>シェーダファイル</Filter>
    </FxCompile>
    <FxCompile Include="ColliderVS.hlsl">
      <Filter>シェーダファイル</Filter>
    </FxCompile>
    <FxCompile Include="SpriteVertexShader.hlsl">
      <Filter>シェーダファイル</Filter>
    </FxCompile>
    <FxCompile Include="SpritePixelShader.hlsl">
      <Filter>シェーダファイル</Filter>
    </FxCompile>
    <FxCompile Include="ParticlePixelShader.hlsl">
      <Filter>シェーダファイル</Filter>
    </FxCompile>
    <FxCompile Include="ParticleVertexShader.hlsl">
      <Filter>シェーダファイル</Filter>
    </FxCompile>
  </ItemGroup>
  <ItemGroup>
    <ClCompile Include="Block.cpp">
      <Filter>ソースファイル</Filter>
    </ClCompile>
    <ClCompile Include="Camera.cpp">
      <Filter>ソースファイル</Filter>
    </ClCompile>
    <ClCompile Include="CircleCollision.cpp">
      <Filter>ソースファイル</Filter>
    </ClCompile>
    <ClCompile Include="DirectXDevice.cpp">
      <Filter>ソースファイル</Filter>
    </ClCompile>
    <ClCompile Include="Enemy.cpp">
      <Filter>ソースファイル</Filter>
    </ClCompile>
    <ClCompile Include="EnemyAI.cpp">
      <Filter>ソースファイル</Filter>
    </ClCompile>
    <ClCompile Include="EnemyManeger.cpp">
      <Filter>ソースファイル</Filter>
    </ClCompile>
    <ClCompile Include="Floor.cpp">
      <Filter>ソースファイル</Filter>
    </ClCompile>
    <ClCompile Include="GameScene.cpp">
      <Filter>ソースファイル</Filter>
    </ClCompile>
    <ClCompile Include="Input.cpp">
      <Filter>ソースファイル</Filter>
    </ClCompile>
    <ClCompile Include="main.cpp">
      <Filter>ソースファイル</Filter>
    </ClCompile>
    <ClCompile Include="ObjFile.cpp">
      <Filter>ソースファイル</Filter>
    </ClCompile>
    <ClCompile Include="PMDClass.cpp">
      <Filter>ソースファイル</Filter>
    </ClCompile>
    <ClCompile Include="Poly.cpp">
      <Filter>ソースファイル</Filter>
    </ClCompile>
    <ClCompile Include="Point.cpp">
      <Filter>ソースファイル</Filter>
    </ClCompile>
    <ClCompile Include="Texture.cpp">
      <Filter>ソースファイル</Filter>
    </ClCompile>
    <ClCompile Include="Stage.cpp">
      <Filter>ソースファイル</Filter>
    </ClCompile>
    <ClCompile Include="Sprite.cpp">
      <Filter>ソースファイル</Filter>
    </ClCompile>
    <ClCompile Include="Sound.cpp">
      <Filter>ソースファイル</Filter>
    </ClCompile>
    <ClCompile Include="Title.cpp">
      <Filter>ソースファイル</Filter>
    </ClCompile>
    <ClCompile Include="Tower.cpp">
      <Filter>ソースファイル</Filter>
    </ClCompile>
    <ClCompile Include="Stage2D.cpp">
      <Filter>ソースファイル</Filter>
    </ClCompile>
    <ClCompile Include="DebugText.cpp" />
    <ClCompile Include="Battery.cpp">
      <Filter>ソースファイル</Filter>
    </ClCompile>
    <ClCompile Include="Collision.cpp" />
    <ClCompile Include="Bullet.cpp" />
    <ClCompile Include="DefenderSpawn.cpp" />
    <ClCompile Include="Spawn.cpp">
      <Filter>ソースファイル</Filter>
    </ClCompile>
    <ClCompile Include="ObjDate.cpp" />
    <ClCompile Include="DefenderWindow.cpp" />
    <ClCompile Include="Light.cpp" />
    <ClCompile Include="End.cpp" />
    <ClCompile Include="GamePlay.cpp" />
    <ClCompile Include="Cost.cpp" />
    <ClCompile Include="Text.cpp" />
    <ClCompile Include="Particle.cpp" />
    <ClCompile Include="ParticleManager.cpp" />
    <ClCompile Include="Button.cpp" />
  </ItemGroup>
  <ItemGroup>
    <ClInclude Include="Block.h">
      <Filter>ヘッダーファイル</Filter>
    </ClInclude>
    <ClInclude Include="Camera.h">
      <Filter>ヘッダーファイル</Filter>
    </ClInclude>
    <ClInclude Include="CircleCollision.h">
      <Filter>ヘッダーファイル</Filter>
    </ClInclude>
    <ClInclude Include="DirectXDevice.h">
      <Filter>ヘッダーファイル</Filter>
    </ClInclude>
    <ClInclude Include="Enemy.h">
      <Filter>ヘッダーファイル</Filter>
    </ClInclude>
    <ClInclude Include="EnemyAI.h">
      <Filter>ヘッダーファイル</Filter>
    </ClInclude>
    <ClInclude Include="EnemyManeger.h">
      <Filter>ヘッダーファイル</Filter>
    </ClInclude>
    <ClInclude Include="Floor.h">
      <Filter>ヘッダーファイル</Filter>
    </ClInclude>
    <ClInclude Include="GameScene.h">
      <Filter>ヘッダーファイル</Filter>
    </ClInclude>
    <ClInclude Include="Input.h">
      <Filter>ヘッダーファイル</Filter>
    </ClInclude>
    <ClInclude Include="ObjFile.h">
      <Filter>ヘッダーファイル</Filter>
    </ClInclude>
    <ClInclude Include="PMDClass.h">
      <Filter>ヘッダーファイル</Filter>
    </ClInclude>
    <ClInclude Include="Point.h">
      <Filter>ヘッダーファイル</Filter>
    </ClInclude>
    <ClInclude Include="Poly.h">
      <Filter>ヘッダーファイル</Filter>
    </ClInclude>
    <ClInclude Include="Sound.h">
      <Filter>ヘッダーファイル</Filter>
    </ClInclude>
    <ClInclude Include="Sprite.h">
      <Filter>ヘッダーファイル</Filter>
    </ClInclude>
    <ClInclude Include="Stage.h">
      <Filter>ヘッダーファイル</Filter>
    </ClInclude>
    <ClInclude Include="Texture.h">
      <Filter>ヘッダーファイル</Filter>
    </ClInclude>
    <ClInclude Include="Title.h">
      <Filter>ヘッダーファイル</Filter>
    </ClInclude>
    <ClInclude Include="Tower.h">
      <Filter>ヘッダーファイル</Filter>
    </ClInclude>
    <ClInclude Include="Stage2D.h">
      <Filter>ヘッダーファイル</Filter>
    </ClInclude>
    <ClInclude Include="BoxCollision.h" />
    <ClInclude Include="DebugText.h" />
    <ClInclude Include="Battery.h">
      <Filter>ヘッダーファイル</Filter>
    </ClInclude>
    <ClInclude Include="Collision.h" />
    <ClInclude Include="Bullet.h" />
    <ClInclude Include="DefenderSpawn.h" />
    <ClInclude Include="Spawn.h">
      <Filter>ヘッダーファイル</Filter>
    </ClInclude>
    <ClInclude Include="ObjDate.h" />
    <ClInclude Include="DefenderWindow.h" />
    <ClInclude Include="Light.h" />
    <ClInclude Include="End.h" />
    <ClInclude Include="GamePlay.h" />
    <ClInclude Include="StageRoder.h" />
    <ClInclude Include="EnemyCSVRoder.h" />
    <ClInclude Include="Cost.h" />
    <ClInclude Include="Text.h" />
    <ClInclude Include="Particle.h" />
    <ClInclude Include="ParticleManager.h" />
    <ClInclude Include="Button.h" />
  </ItemGroup>
  <ItemGroup>
    <None Include="BasicShaderHeader.hlsli">
      <Filter>シェーダファイル</Filter>
    </None>
    <None Include="FloorShaderHeader.hlsli">
      <Filter>シェーダファイル</Filter>
    </None>
    <None Include="ObjShaderHeader.hlsli">
      <Filter>シェーダファイル</Filter>
    </None>
    <None Include="PMDShaderHeader.hlsli">
      <Filter>シェーダファイル</Filter>
    </None>
    <None Include="TexShaderHeader.hlsli">
      <Filter>シェーダファイル</Filter>
    </None>
    <None Include="Collider.hlsli">
      <Filter>シェーダファイル</Filter>
    </None>
    <None Include="SpriteShaderHeader.hlsli">
      <Filter>シェーダファイル</Filter>
    </None>
    <None Include="ParticleShaderHeader.hlsli">
      <Filter>シェーダファイル</Filter>
    </None>
  </ItemGroup>
  <ItemGroup>
    <Filter Include="ソースファイル">
      <UniqueIdentifier>{cc93b2ec-ef0b-4747-81be-c46808fc816e}</UniqueIdentifier>
    </Filter>
    <Filter Include="ヘッダーファイル">
      <UniqueIdentifier>{20f90e56-93ef-40a3-8331-446b427b50d9}</UniqueIdentifier>
    </Filter>
    <Filter Include="シェーダファイル">
      <UniqueIdentifier>{c9fa953b-e057-43db-865e-bd37d795fd7e}</UniqueIdentifier>
    </Filter>
  </ItemGroup>
</Project>